
Microsoft Visual Studio Solution File, Format Version 12.00
# Visual Studio 15
VisualStudioVersion = 15.0.27428.2043
MinimumVisualStudioVersion = 10.0.40219.1
Project("{FAE04EC0-301F-11D3-BF4B-00C04F79EFBC}") = "ReadingXML", "ReadingXML\ReadingXML.csproj", "{EFD62F35-3DAA-4AEE-808D-318B592FCEE5}"
EndProject
Global
	GlobalSection(SolutionConfigurationPlatforms) = preSolution
		Debug|Any CPU = Debug|Any CPU
		Release|Any CPU = Release|Any CPU
	EndGlobalSection
	GlobalSection(ProjectConfigurationPlatforms) = postSolution
		{EFD62F35-3DAA-4AEE-808D-318B592FCEE5}.Debug|Any CPU.ActiveCfg = Debug|Any CPU
		{EFD62F35-3DAA-4AEE-808D-318B592FCEE5}.Debug|Any CPU.Build.0 = Debug|Any CPU
		{EFD62F35-3DAA-4AEE-808D-318B592FCEE5}.Release|Any CPU.ActiveCfg = Release|Any CPU
		{EFD62F35-3DAA-4AEE-808D-318B592FCEE5}.Release|Any CPU.Build.0 = Release|Any CPU
	EndGlobalSection
	GlobalSection(SolutionProperties) = preSolution
		HideSolutionNode = FALSE
	EndGlobalSection
	GlobalSection(ExtensibilityGlobals) = postSolution
		SolutionGuid = {5A0E6EA8-0F6A-4C64-92CD-A8492BC66574}
	EndGlobalSection
EndGlobal
